
Microsoft Visual Studio Solution File, Format Version 12.00
# Visual Studio Version 17
VisualStudioVersion = 17.2.32630.192
MinimumVisualStudioVersion = 10.0.40219.1
Project("{FAE04EC0-301F-11D3-BF4B-00C04F79EFBC}") = "CSHARPCRUDMVC", "CSHARPCRUDMVC\CSHARPCRUDMVC.csproj", "{088B9B44-BBCB-48A7-B46B-B7E9918B0F7E}"
EndProject
Global
	GlobalSection(SolutionConfigurationPlatforms) = preSolution
		Debug|Any CPU = Debug|Any CPU
		Release|Any CPU = Release|Any CPU
	EndGlobalSection
	GlobalSection(ProjectConfigurationPlatforms) = postSolution
		{088B9B44-BBCB-48A7-B46B-B7E9918B0F7E}.Debug|Any CPU.ActiveCfg = Debug|Any CPU
		{088B9B44-BBCB-48A7-B46B-B7E9918B0F7E}.Debug|Any CPU.Build.0 = Debug|Any CPU
		{088B9B44-BBCB-48A7-B46B-B7E9918B0F7E}.Release|Any CPU.ActiveCfg = Release|Any CPU
		{088B9B44-BBCB-48A7-B46B-B7E9918B0F7E}.Release|Any CPU.Build.0 = Release|Any CPU
	EndGlobalSection
	GlobalSection(SolutionProperties) = preSolution
		HideSolutionNode = FALSE
	EndGlobalSection
	GlobalSection(ExtensibilityGlobals) = postSolution
		SolutionGuid = {6A01B5C1-22B1-4BDE-B03D-51DFA42BC82C}
	EndGlobalSection
EndGlobal
